
Microsoft Visual Studio Solution File, Format Version 12.00
# Visual Studio Version 16
VisualStudioVersion = 16.0.30002.166
MinimumVisualStudioVersion = 10.0.40219.1
Project("{8BC9CEB8-8B4A-11D0-8D11-00A0C91BC942}") = "SearchApp", "SearchApp\SearchApp.vcxproj", "{BCD9074C-1B7A-4D30-B65F-00288D8BEBE4}"
EndProject
Global
	GlobalSection(SolutionConfigurationPlatforms) = preSolution
		Debug|x64 = Debug|x64
		Debug|x86 = Debug|x86
		Release|x64 = Release|x64
		Release|x86 = Release|x86
	EndGlobalSection
	GlobalSection(ProjectConfigurationPlatforms) = postSolution
		{BCD9074C-1B7A-4D30-B65F-00288D8BEBE4}.Debug|x64.ActiveCfg = Debug|x64
		{BCD9074C-1B7A-4D30-B65F-00288D8BEBE4}.Debug|x64.Build.0 = Debug|x64
		{BCD9074C-1B7A-4D30-B65F-00288D8BEBE4}.Debug|x86.ActiveCfg = Debug|Win32
		{BCD9074C-1B7A-4D30-B65F-00288D8BEBE4}.Debug|x86.Build.0 = Debug|Win32
		{BCD9074C-1B7A-4D30-B65F-00288D8BEBE4}.Release|x64.ActiveCfg = Release|x64
		{BCD9074C-1B7A-4D30-B65F-00288D8BEBE4}.Release|x64.Build.0 = Release|x64
		{BCD9074C-1B7A-4D30-B65F-00288D8BEBE4}.Release|x86.ActiveCfg = Release|Win32
		{BCD9074C-1B7A-4D30-B65F-00288D8BEBE4}.Release|x86.Build.0 = Release|Win32
	EndGlobalSection
	GlobalSection(SolutionProperties) = preSolution
		HideSolutionNode = FALSE
	EndGlobalSection
	GlobalSection(ExtensibilityGlobals) = postSolution
		SolutionGuid = {A9D4C79F-6A97-4F9B-BAD8-832E1D956968}
	EndGlobalSection
EndGlobal
